
Microsoft Visual Studio Solution File, Format Version 12.00
# Visual Studio Version 17
VisualStudioVersion = 17.8.34322.80
MinimumVisualStudioVersion = 10.0.40219.1
Project("{FAE04EC0-301F-11D3-BF4B-00C04F79EFBC}") = "library_sys", "library_sys.csproj", "{91D5397A-CF9C-4886-A011-680D2B3EEEA2}"
EndProject
Global
	GlobalSection(SolutionConfigurationPlatforms) = preSolution
		Debug|Any CPU = Debug|Any CPU
		Release|Any CPU = Release|Any CPU
	EndGlobalSection
	GlobalSection(ProjectConfigurationPlatforms) = postSolution
		{91D5397A-CF9C-4886-A011-680D2B3EEEA2}.Debug|Any CPU.ActiveCfg = Debug|Any CPU
		{91D5397A-CF9C-4886-A011-680D2B3EEEA2}.Debug|Any CPU.Build.0 = Debug|Any CPU
		{91D5397A-CF9C-4886-A011-680D2B3EEEA2}.Release|Any CPU.ActiveCfg = Release|Any CPU
		{91D5397A-CF9C-4886-A011-680D2B3EEEA2}.Release|Any CPU.Build.0 = Release|Any CPU
	EndGlobalSection
	GlobalSection(SolutionProperties) = preSolution
		HideSolutionNode = FALSE
	EndGlobalSection
	GlobalSection(ExtensibilityGlobals) = postSolution
		SolutionGuid = {FF3A7147-1447-43B6-AE87-6B2F85BD64EC}
	EndGlobalSection
EndGlobal
